{
  "name": "gddmproxy",
  "version": "1.0.0",
  "lockfileVersion": 1,
  "requires": true,
  "dependencies": {
    "buffer-replace": {
      "version": "1.0.0",
      "resolved": "https://registry.npmjs.org/buffer-replace/-/buffer-replace-1.0.0.tgz",
      "integrity": "sha1-vEJ8QK9MHwbWkz3t5XEQrLqK3lQ="
    },
    "nm-ebcdic-converter": {
      "version": "1.0.1",
      "resolved": "https://registry.npmjs.org/nm-ebcdic-converter/-/nm-ebcdic-converter-1.0.1.tgz",
      "integrity": "sha512-r13YKmgfJ3vaVCxogmZIz6bjr6Ld5yt/USJwqvatNnxSSnLZlq1NmrLoygyQoha8ocZiT1UDEI1yuhfFnSipPA=="
    }
  }
}
